// !$*UTF8*$!
{
	archiveVersion = 1;
	classes = {
	};
	objectVersion = 50;
	objects = {

/* Begin PBXBuildFile section */
		93B0ABD120FE1E8600A90232 /* AppDelegate.swift in Sources */ = {isa = PBXBuildFile; fileRef = 93B0ABD020FE1E8600A90232 /* AppDelegate.swift */; };
		93B0ABD320FE1E8600A90232 /* ViewController.swift in Sources */ = {isa = PBXBuildFile; fileRef = 93B0ABD220FE1E8600A90232 /* ViewController.swift */; };
		93B0ABD620FE1E8600A90232 /* Main.storyboard in Resources */ = {isa = PBXBuildFile; fileRef = 93B0ABD420FE1E8600A90232 /* Main.storyboard */; };
		93B0ABD820FE1E8F00A90232 /* Assets.xcassets in Resources */ = {isa = PBXBuildFile; fileRef = 93B0ABD720FE1E8F00A90232 /* Assets.xcassets */; };
		93B0ABDB20FE1E8F00A90232 /* LaunchScreen.storyboard in Resources */ = {isa = PBXBuildFile; fileRef = 93B0ABD920FE1E8F00A90232 /* LaunchScreen.storyboard */; };
/* End PBXBuildFile section */

/* Begin PBXFileReference section */
		93B0ABCD20FE1E8600A90232 /* Conflict.app */ = {isa = PBXFileReference; explicitFileType = wrapper.application; includeInIndex = 0; path = Conflict.app; sourceTree = BUILT_PRODUCTS_DIR; };
		93B0ABD020FE1E8600A90232 /* AppDelegate.swift */ = {isa = PBXFileReference; lastKnownFileType = sourcecode.swift; path = AppDelegate.swift; sourceTree = "<group>"; };
		93B0ABD220FE1E8600A90232 /* ViewController.swift */ = {isa = PBXFileReference; lastKnownFileType = sourcecode.swift; path = ViewController.swift; sourceTree = "<group>"; };
		93B0ABD520FE1E8600A90232 /* Base */ = {isa = PBXFileReference; lastKnownFileType = file.storyboard; name = Base; path = Base.lproj/Main.storyboard; sourceTree = "<group>"; };
		93B0ABD720FE1E8F00A90232 /* Assets.xcassets */ = {isa = PBXFileReference; lastKnownFileType = folder.assetcatalog; path = Assets.xcassets; sourceTree = "<group>"; };
		93B0ABDA20FE1E8F00A90232 /* Base */ = {isa = PBXFileReference; lastKnownFileType = file.storyboard; name = Base; path = Base.lproj/LaunchScreen.storyboard; sourceTree = "<group>"; };
		93B0ABDC20FE1E8F00A90232 /* Info.plist */ = {isa = PBXFileReference; lastKnownFileType = text.plist.xml; path = Info.plist; sourceTree = "<group>"; };
/* End PBXFileReference section */

/* Begin PBXFrameworksBuildPhase section */
		93B0ABCA20FE1E8600A90232 /* Frameworks */ = {
			isa = PBXFrameworksBuildPhase;
			buildActionMask = 2147483647;
			files = (
			);
			runOnlyForDeploymentPostprocessing = 0;
		};
/* End PBXFrameworksBuildPhase section */

/* Begin PBXGroup section */
		93B0ABC420FE1E8600A90232 = {
			isa = PBXGroup;
			children = (
				93B0ABCF20FE1E8600A90232 /* Conflict */,
				93B0ABCE20FE1E8600A90232 /* Products */,
			);
			sourceTree = "<group>";
		};
		93B0ABCE20FE1E8600A90232 /* Products */ = {
			isa = PBXGroup;
			children = (
				93B0ABCD20FE1E8600A90232 /* Conflict.app */,
			);
			name = Products;
			sourceTree = "<group>";
		};
		93B0ABCF20FE1E8600A90232 /* Conflict */ = {
			isa = PBXGroup;
			children = (
				93B0ABD020FE1E8600A90232 /* AppDelegate.swift */,
				93B0ABD220FE1E8600A90232 /* ViewController.swift */,
				93B0ABD420FE1E8600A90232 /* Main.storyboard */,
				93B0ABD720FE1E8F00A90232 /* Assets.xcassets */,
				93B0ABD920FE1E8F00A90232 /* LaunchScreen.storyboard */,
				93B0ABDC20FE1E8F00A90232 /* Info.plist */,
			);
			path = Conflict;
			sourceTree = "<group>";
		};
/* End PBXGroup section */

/* Begin PBXNativeTarget section */
		93B0ABCC20FE1E8600A90232 /* Conflict */ = {
			isa = PBXNativeTarget;
			buildConfigurationList = 93B0ABDF20FE1E8F00A90232 /* Build configuration list for PBXNativeTarget "Conflict" */;
			buildPhases = (
				93B0ABC920FE1E8600A90232 /* Sources */,
				93B0ABCA20FE1E8600A90232 /* Frameworks */,
				93B0ABCB20FE1E8600A90232 /* Resources */,
			);
			buildRules = (
			);
			dependencies = (
			);
			name = Conflict;
			productName = Conflict;
			productReference = 93B0ABCD20FE1E8600A90232 /* Conflict.app */;
			productType = "com.apple.product-type.application";
		};
/* End PBXNativeTarget section */

/* Begin PBXProject section */
		93B0ABC520FE1E8600A90232 /* Project object */ = {
			isa = PBXProject;
			attributes = {
				LastSwiftUpdateCheck = 0930;
				LastUpgradeCheck = 0930;
				ORGANIZATIONNAME = "Mohammad Shawahneh";
				TargetAttributes = {
					93B0ABCC20FE1E8600A90232 = {
						CreatedOnToolsVersion = 9.3.1;
					};
				};
			};
			buildConfigurationList = 93B0ABC820FE1E8600A90232 /* Build configuration list for PBXProject "Conflict" */;
			compatibilityVersion = "Xcode 9.3";
			developmentRegion = en;
			hasScannedForEncodings = 0;
			knownRegions = (
				en,
				Base,
			);
			mainGroup = 93B0ABC420FE1E8600A90232;
			productRefGroup = 93B0ABCE20FE1E8600A90232 /* Products */;
			projectDirPath = "";
			projectRoot = "";
			targets = (
				93B0ABCC20FE1E8600A90232 /* Conflict */,
			);
		};
/* End PBXProject section */

/* Begin PBXResourcesBuildPhase section */
		93B0ABCB20FE1E8600A90232 /* Resources */ = {
			isa = PBXResourcesBuildPhase;
			buildActionMask = 2147483647;
			files = (
				93B0ABDB20FE1E8F00A90232 /* LaunchScreen.storyboard in Resources */,
				93B0ABD820FE1E8F00A90232 /* Assets.xcassets in Resources */,
				93B0ABD620FE1E8600A90232 /* Main.storyboard in Resources */,
			);
			runOnlyForDeploymentPostprocessing = 0;
		};
/* End PBXResourcesBuildPhase section */

/* Begin PBXSourcesBuildPhase section */
		93B0ABC920FE1E8600A90232 /* Sources */ = {
			isa = PBXSourcesBuildPhase;
			buildActionMask = 2147483647;
			files = (
				93B0ABD320FE1E8600A90232 /* ViewController.swift in Sources */,
				93B0ABD120FE1E8600A90232 /* AppDelegate.swift in Sources */,
			);
			runOnlyForDeploymentPostprocessing = 0;
		};
/* End PBXSourcesBuildPhase section */

/* Begin PBXVariantGroup section */
		93B0ABD420FE1E8600A90232 /* Main.storyboard */ = {
			isa = PBXVariantGroup;
			children = (
				93B0ABD520FE1E8600A90232 /* Base */,
			);
			name = Main.storyboard;
			sourceTree = "<group>";
		};
		93B0ABD920FE1E8F00A90232 /* LaunchScreen.storyboard */ = {
			isa = PBXVariantGroup;
			children = (
				93B0ABDA20FE1E8F00A90232 /* Base */,
			);
			name = LaunchScreen.storyboard;
			sourceTree = "<group>";
		};
/* End PBXVariantGroup section */

/* Begin XCBuildConfiguration section */
		93B0ABDD20FE1E8F00A90232 /* Debug */ = {
			isa = XCBuildConfiguration;
			buildSettings = {
				ALWAYS_SEARCH_USER_PATHS = NO;
				CLANG_ANALYZER_NONNULL = YES;
				CLANG_ANALYZER_NUMBER_OBJECT_CONVERSION = YES_AGGRESSIVE;
				CLANG_CXX_LANGUAGE_STANDARD = "gnu++14";
				CLANG_CXX_LIBRARY = "libc++";
				CLANG_ENABLE_MODULES = YES;
				CLANG_ENABLE_OBJC_ARC = YES;
				CLANG_ENABLE_OBJC_WEAK = YES;
				CLANG_WARN_BLOCK_CAPTURE_AUTORELEASING = YES;
				CLANG_WARN_BOOL_CONVERSION = YES;
				CLANG_WARN_COMMA = YES;
				CLANG_WARN_CONSTANT_CONVERSION = YES;
				CLANG_WARN_DEPRECATED_OBJC_IMPLEMENTATIONS = YES;
				CLANG_WARN_DIRECT_OBJC_ISA_USAGE = YES_ERROR;
				CLANG_WARN_DOCUMENTATION_COMMENTS = YES;
				CLANG_WARN_EMPTY_BODY = YES;
				CLANG_WARN_ENUM_CONVERSION = YES;
				CLANG_WARN_INFINITE_RECURSION = YES;
				CLANG_WARN_INT_CONVERSION = YES;
				CLANG_WARN_NON_LITERAL_NULL_CONVERSION = YES;
				CLANG_WARN_OBJC_IMPLICIT_RETAIN_SELF = YES;
				CLANG_WARN_OBJC_LITERAL_CONVERSION = YES;
				CLANG_WARN_OBJC_ROOT_CLASS = YES_ERROR;
				CLANG_WARN_RANGE_LOOP_ANALYSIS = YES;
				CLANG_WARN_STRICT_PROTOTYPES = YES;
				CLANG_WARN_SUSPICIOUS_MOVE = YES;
				CLANG_WARN_UNGUARDED_AVAILABILITY = YES_AGGRESSIVE;
				CLANG_WARN_UNREACHABLE_CODE = YES;
				CLANG_WARN__DUPLICATE_METHOD_MATCH = YES;
				CODE_SIGN_IDENTITY = "iPhone Developer";
				COPY_PHASE_STRIP = NO;
				DEBUG_INFORMATION_FORMAT = dwarf;
				ENABLE_STRICT_OBJC_MSGSEND = YES;
				ENABLE_TESTABILITY = YES;
				GCC_C_LANGUAGE_STANDARD = gnu11;
				GCC_DYNAMIC_NO_PIC = NO;
				GCC_NO_COMMON_BLOCKS = YES;
				GCC_OPTIMIZATION_LEVEL = 0;
				GCC_PREPROCESSOR_DEFINITIONS = (
					"DEBUG=1",
					"$(inherited)",
				);
				GCC_WARN_64_TO_32_BIT_CONVERSION = YES;
				GCC_WARN_ABOUT_RETURN_TYPE = YES_ERROR;
				GCC_WARN_UNDECLARED_SELECTOR = YES;
				GCC_WARN_UNINITIALIZED_AUTOS = YES_AGGRESSIVE;
				GCC_WARN_UNUSED_FUNCTION = YES;
				GCC_WARN_UNUSED_VARIABLE = YES;
				IPHONEOS_DEPLOYMENT_TARGET = 11.3;
				MTL_ENABLE_DEBUG_INFO = YES;
				ONLY_ACTIVE_ARCH = YES;
				SDKROOT = iphoneos;
				SWIFT_ACTIVE_COMPILATION_CONDITIONS = DEBUG;
				SWIFT_OPTIMIZATION_LEVEL = "-Onone";
			};
			name = Debug;
		};
		93B0ABDE20FE1E8F00A90232 /* Release */ = {
			isa = XCBuildConfiguration;
			buildSettings = {
				ALWAYS_SEARCH_USER_PATHS = NO;
				CLANG_ANALYZER_NONNULL = YES;
				CLANG_ANALYZER_NUMBER_OBJECT_CONVERSION = YES_AGGRESSIVE;
				CLANG_CXX_LANGUAGE_STANDARD = "gnu++14";
				CLANG_CXX_LIBRARY = "libc++";
				CLANG_ENABLE_MODULES = YES;
				CLANG_ENABLE_OBJC_ARC = YES;
				CLANG_ENABLE_OBJC_WEAK = YES;
				CLANG_WARN_BLOCK_CAPTURE_AUTORELEASING = YES;
				CLANG_WARN_BOOL_CONVERSION = YES;
				CLANG_WARN_COMMA = YES;
				CLANG_WARN_CONSTANT_CONVERSION = YES;
				CLANG_WARN_DEPRECATED_OBJC_IMPLEMENTATIONS = YES;
				CLANG_WARN_DIRECT_OBJC_ISA_USAGE = YES_ERROR;
				CLANG_WARN_DOCUMENTATION_COMMENTS = YES;
				CLANG_WARN_EMPTY_BODY = YES;
				CLANG_WARN_ENUM_CONVERSION = YES;
				CLANG_WARN_INFINITE_RECURSION = YES;
				CLANG_WARN_INT_CONVERSION = YES;
				CLANG_WARN_NON_LITERAL_NULL_CONVERSION = YES;
				CLANG_WARN_OBJC_IMPLICIT_RETAIN_SELF = YES;
				CLANG_WARN_OBJC_LITERAL_CONVERSION = YES;
				CLANG_WARN_OBJC_ROOT_CLASS = YES_ERROR;
				CLANG_WARN_RANGE_LOOP_ANALYSIS = YES;
				CLANG_WARN_STRICT_PROTOTYPES = YES;
				CLANG_WARN_SUSPICIOUS_MOVE = YES;
				CLANG_WARN_UNGUARDED_AVAILABILITY = YES_AGGRESSIVE;
				CLANG_WARN_UNREACHABLE_CODE = YES;
				CLANG_WARN__DUPLICATE_METHOD_MATCH = YES;
				CODE_SIGN_IDENTITY = "iPhone Developer";
				COPY_PHASE_STRIP = NO;
				DEBUG_INFORMATION_FORMAT = "dwarf-with-dsym";
				ENABLE_NS_ASSERTIONS = NO;
				ENABLE_STRICT_OBJC_MSGSEND = YES;
				GCC_C_LANGUAGE_STANDARD = gnu11;
				GCC_NO_COMMON_BLOCKS = YES;
				GCC_WARN_64_TO_32_BIT_CONVERSION = YES;
				GCC_WARN_ABOUT_RETURN_TYPE = YES_ERROR;
				GCC_WARN_UNDECLARED_SELECTOR = YES;
				GCC_WARN_UNINITIALIZED_AUTOS = YES_AGGRESSIVE;
				GCC_WARN_UNUSED_FUNCTION = YES;
				GCC_WARN_UNUSED_VARIABLE = YES;
				IPHONEOS_DEPLOYMENT_TARGET = 11.3;
				MTL_ENABLE_DEBUG_INFO = NO;
				SDKROOT = iphoneos;
				SWIFT_COMPILATION_MODE = wholemodule;
				SWIFT_OPTIMIZATION_LEVEL = "-O";
				VALIDATE_PRODUCT = YES;
			};
			name = Release;
		};
		93B0ABE020FE1E8F00A90232 /* Debug */ = {
			isa = XCBuildConfiguration;
			buildSettings = {
				ASSETCATALOG_COMPILER_APPICON_NAME = AppIcon;
				CODE_SIGN_STYLE = Automatic;
				DEVELOPMENT_TEAM = VUYF8TN8M9;
				INFOPLIST_FILE = Conflict/Info.plist;
				LD_RUNPATH_SEARCH_PATHS = (
					"$(inherited)",
					"@executable_path/Frameworks",
				);
				PRODUCT_BUNDLE_IDENTIFIER = testApp.Conflict;
				PRODUCT_NAME = "$(TARGET_NAME)";
				SWIFT_VERSION = 4.0;
				TARGETED_DEVICE_FAMILY = "1,2";
			};
			name = Debug;
		};
		93B0ABE120FE1E8F00A90232 /* Release */ = {
			isa = XCBuildConfiguration;
			buildSettings = {
				ASSETCATALOG_COMPILER_APPICON_NAME = AppIcon;
				CODE_SIGN_STYLE = Automatic;
				DEVELOPMENT_TEAM = VUYF8TN8M9;
				INFOPLIST_FILE = Conflict/Info.plist;
				LD_RUNPATH_SEARCH_PATHS = (
					"$(inherited)",
					"@executable_path/Frameworks",
				);
				PRODUCT_BUNDLE_IDENTIFIER = testApp.Conflict;
				PRODUCT_NAME = "$(TARGET_NAME)";
				SWIFT_VERSION = 4.0;
				TARGETED_DEVICE_FAMILY = "1,2";
			};
			name = Release;
		};
/* End XCBuildConfiguration section */

/* Begin XCConfigurationList section */
		93B0ABC820FE1E8600A90232 /* Build configuration list for PBXProject "Conflict" */ = {
			isa = XCConfigurationList;
			buildConfigurations = (
				93B0ABDD20FE1E8F00A90232 /* Debug */,
				93B0ABDE20FE1E8F00A90232 /* Release */,
			);
			defaultConfigurationIsVisible = 0;
			defaultConfigurationName = Release;
		};
		93B0ABDF20FE1E8F00A90232 /* Build configuration list for PBXNativeTarget "Conflict" */ = {
			isa = XCConfigurationList;
			buildConfigurations = (
				93B0ABE020FE1E8F00A90232 /* Debug */,
				93B0ABE120FE1E8F00A90232 /* Release */,
			);
			defaultConfigurationIsVisible = 0;
			defaultConfigurationName = Release;
		};
/* End XCConfigurationList section */
	};
	rootObject = 93B0ABC520FE1E8600A90232 /* Project object */;
}
